// !$*UTF8*$!
{
	archiveVersion = 1;
	classes = {
	};
	objectVersion = 51;
	objects = {

/* Begin PBXBuildFile section */
		357A2CA4743FDE0A48A42F01 /* Pods_UBKAccessibility.framework in Frameworks */ = {isa = PBXBuildFile; fileRef = 7DE575D3BEAAD5112C6AED2E /* Pods_UBKAccessibility.framework */; };
		542374F421AF64DF00959D24 /* AppDelegate.m in Sources */ = {isa = PBXBuildFile; fileRef = 542374F321AF64DF00959D24 /* AppDelegate.m */; };
		542374FA21AF64DF00959D24 /* Main.storyboard in Resources */ = {isa = PBXBuildFile; fileRef = 542374F821AF64DF00959D24 /* Main.storyboard */; };
		542374FC21AF64E100959D24 /* Assets.xcassets in Resources */ = {isa = PBXBuildFile; fileRef = 542374FB21AF64E100959D24 /* Assets.xcassets */; };
		542374FF21AF64E100959D24 /* LaunchScreen.storyboard in Resources */ = {isa = PBXBuildFile; fileRef = 542374FD21AF64E100959D24 /* LaunchScreen.storyboard */; };
		5423750221AF64E100959D24 /* main.m in Sources */ = {isa = PBXBuildFile; fileRef = 5423750121AF64E100959D24 /* main.m */; };
		9A6E4D5623E09C3F00894CE3 /* BuildFile in Embed Frameworks */ = {isa = PBXBuildFile; settings = {ATTRIBUTES = (CodeSignOnCopy, RemoveHeadersOnCopy, ); }; };
		9A6E4D6223E09FC400894CE3 /* BuildFile in Embed Frameworks */ = {isa = PBXBuildFile; settings = {ATTRIBUTES = (CodeSignOnCopy, RemoveHeadersOnCopy, ); }; };
		A535575E236F689D009B4577 /* UBKAccessibilityLabelTests.m in Sources */ = {isa = PBXBuildFile; fileRef = A535575D236F689D009B4577 /* UBKAccessibilityLabelTests.m */; };
		A5355760236F6901009B4577 /* UBKAccessibilityColourTests.m in Sources */ = {isa = PBXBuildFile; fileRef = A535575F236F6901009B4577 /* UBKAccessibilityColourTests.m */; };
		A5355762236F693F009B4577 /* UBKAccessibilityButtonTests.m in Sources */ = {isa = PBXBuildFile; fileRef = A5355761236F693F009B4577 /* UBKAccessibilityButtonTests.m */; };
		A5355764236F6950009B4577 /* UBKAccessibilityTextFieldTests.m in Sources */ = {isa = PBXBuildFile; fileRef = A5355763236F6950009B4577 /* UBKAccessibilityTextFieldTests.m */; };
		A5355766236F6969009B4577 /* UBKAccessibilityTextViewTests.m in Sources */ = {isa = PBXBuildFile; fileRef = A5355765236F6969009B4577 /* UBKAccessibilityTextViewTests.m */; };
		A5355768236F6975009B4577 /* UBKAccessibilityImageViewTests.m in Sources */ = {isa = PBXBuildFile; fileRef = A5355767236F6975009B4577 /* UBKAccessibilityImageViewTests.m */; };
		A535576A236F6980009B4577 /* UBKAccessibilitySwitchTests.m in Sources */ = {isa = PBXBuildFile; fileRef = A5355769236F6980009B4577 /* UBKAccessibilitySwitchTests.m */; };
		A535576C236F698B009B4577 /* UBKAccessibilitySliderTests.m in Sources */ = {isa = PBXBuildFile; fileRef = A535576B236F698B009B4577 /* UBKAccessibilitySliderTests.m */; };
		A54BF4982252D75E00DB8B90 /* Icon Template.png in Resources */ = {isa = PBXBuildFile; fileRef = A54BF4972252D75D00DB8B90 /* Icon Template.png */; };
		A558496422434E9700D2CE2C /* ImagesViewController.m in Sources */ = {isa = PBXBuildFile; fileRef = A558496322434E9700D2CE2C /* ImagesViewController.m */; };
		A558496722434EA300D2CE2C /* LabelsViewController.m in Sources */ = {isa = PBXBuildFile; fileRef = A558496622434EA300D2CE2C /* LabelsViewController.m */; };
		A558496A22434EAB00D2CE2C /* SlidersViewController.m in Sources */ = {isa = PBXBuildFile; fileRef = A558496922434EAB00D2CE2C /* SlidersViewController.m */; };
		A558496D22434EB400D2CE2C /* SwitchesViewController.m in Sources */ = {isa = PBXBuildFile; fileRef = A558496C22434EB400D2CE2C /* SwitchesViewController.m */; };
		A558497322434EFC00D2CE2C /* TextfieldsViewController.m in Sources */ = {isa = PBXBuildFile; fileRef = A558497222434EFC00D2CE2C /* TextfieldsViewController.m */; };
		A558497722434F4900D2CE2C /* DemoViewController.m in Sources */ = {isa = PBXBuildFile; fileRef = A558497622434F4900D2CE2C /* DemoViewController.m */; };
		A558497F2243542800D2CE2C /* ButtonsTableViewController.m in Sources */ = {isa = PBXBuildFile; fileRef = A558497E2243542800D2CE2C /* ButtonsTableViewController.m */; };
		A594A44E2248EFF000114B36 /* DemoDetailViewController.m in Sources */ = {isa = PBXBuildFile; fileRef = A594A44D2248EFF000114B36 /* DemoDetailViewController.m */; };
		D6F2EFEAAB5EF0C7BA3C6AB0 /* Pods_UBKAccessibilityTests.framework in Frameworks */ = {isa = PBXBuildFile; fileRef = 4C61F6A357E6253536278F1A /* Pods_UBKAccessibilityTests.framework */; };
/* End PBXBuildFile section */

/* Begin PBXCopyFilesBuildPhase section */
		9A6E4D5723E09C3F00894CE3 /* Embed Frameworks */ = {
			isa = PBXCopyFilesBuildPhase;
			buildActionMask = 2147483647;
			dstPath = "";
			dstSubfolderSpec = 10;
			files = (
				9A6E4D6223E09FC400894CE3 /* BuildFile in Embed Frameworks */,
				9A6E4D5623E09C3F00894CE3 /* BuildFile in Embed Frameworks */,
			);
			name = "Embed Frameworks";
			runOnlyForDeploymentPostprocessing = 0;
		};
/* End PBXCopyFilesBuildPhase section */

/* Begin PBXFileReference section */
		4C61F6A357E6253536278F1A /* Pods_UBKAccessibilityTests.framework */ = {isa = PBXFileReference; explicitFileType = wrapper.framework; includeInIndex = 0; path = Pods_UBKAccessibilityTests.framework; sourceTree = BUILT_PRODUCTS_DIR; };
		542374EF21AF64DF00959D24 /* UBKAccessibility.app */ = {isa = PBXFileReference; explicitFileType = wrapper.application; includeInIndex = 0; path = UBKAccessibility.app; sourceTree = BUILT_PRODUCTS_DIR; };
		542374F221AF64DF00959D24 /* AppDelegate.h */ = {isa = PBXFileReference; lastKnownFileType = sourcecode.c.h; path = AppDelegate.h; sourceTree = "<group>"; };
		542374F321AF64DF00959D24 /* AppDelegate.m */ = {isa = PBXFileReference; lastKnownFileType = sourcecode.c.objc; path = AppDelegate.m; sourceTree = "<group>"; };
		542374F921AF64DF00959D24 /* Base */ = {isa = PBXFileReference; lastKnownFileType = file.storyboard; name = Base; path = Base.lproj/Main.storyboard; sourceTree = "<group>"; };
		542374FB21AF64E100959D24 /* Assets.xcassets */ = {isa = PBXFileReference; lastKnownFileType = folder.assetcatalog; path = Assets.xcassets; sourceTree = "<group>"; };
		542374FE21AF64E100959D24 /* Base */ = {isa = PBXFileReference; lastKnownFileType = file.storyboard; name = Base; path = Base.lproj/LaunchScreen.storyboard; sourceTree = "<group>"; };
		5423750021AF64E100959D24 /* Info.plist */ = {isa = PBXFileReference; lastKnownFileType = text.plist.xml; path = Info.plist; sourceTree = "<group>"; };
		5423750121AF64E100959D24 /* main.m */ = {isa = PBXFileReference; lastKnownFileType = sourcecode.c.objc; path = main.m; sourceTree = "<group>"; };
		7DE575D3BEAAD5112C6AED2E /* Pods_UBKAccessibility.framework */ = {isa = PBXFileReference; explicitFileType = wrapper.framework; includeInIndex = 0; path = Pods_UBKAccessibility.framework; sourceTree = BUILT_PRODUCTS_DIR; };
		9A6E4D5A23E09EDE00894CE3 /* UBKAccessibilityKit.framework */ = {isa = PBXFileReference; explicitFileType = wrapper.framework; path = UBKAccessibilityKit.framework; sourceTree = BUILT_PRODUCTS_DIR; };
		9A6E4D5D23E09F4100894CE3 /* UBKAccessibilityKit.framework */ = {isa = PBXFileReference; explicitFileType = wrapper.framework; path = UBKAccessibilityKit.framework; sourceTree = BUILT_PRODUCTS_DIR; };
		A0B16A7A3FB6CB009F84EE77 /* Pods-UBKAccessibility.debug.xcconfig */ = {isa = PBXFileReference; includeInIndex = 1; lastKnownFileType = text.xcconfig; name = "Pods-UBKAccessibility.debug.xcconfig"; path = "Target Support Files/Pods-UBKAccessibility/Pods-UBKAccessibility.debug.xcconfig"; sourceTree = "<group>"; };
		A514AEA82224797200593757 /* UBKAccessibilityTests.xctest */ = {isa = PBXFileReference; explicitFileType = wrapper.cfbundle; includeInIndex = 0; path = UBKAccessibilityTests.xctest; sourceTree = BUILT_PRODUCTS_DIR; };
		A514AEAC2224797200593757 /* Info.plist */ = {isa = PBXFileReference; lastKnownFileType = text.plist.xml; path = Info.plist; sourceTree = "<group>"; };
		A535575D236F689D009B4577 /* UBKAccessibilityLabelTests.m */ = {isa = PBXFileReference; lastKnownFileType = sourcecode.c.objc; path = UBKAccessibilityLabelTests.m; sourceTree = "<group>"; };
		A535575F236F6901009B4577 /* UBKAccessibilityColourTests.m */ = {isa = PBXFileReference; lastKnownFileType = sourcecode.c.objc; path = UBKAccessibilityColourTests.m; sourceTree = "<group>"; };
		A5355761236F693F009B4577 /* UBKAccessibilityButtonTests.m */ = {isa = PBXFileReference; lastKnownFileType = sourcecode.c.objc; path = UBKAccessibilityButtonTests.m; sourceTree = "<group>"; };
		A5355763236F6950009B4577 /* UBKAccessibilityTextFieldTests.m */ = {isa = PBXFileReference; lastKnownFileType = sourcecode.c.objc; path = UBKAccessibilityTextFieldTests.m; sourceTree = "<group>"; };
		A5355765236F6969009B4577 /* UBKAccessibilityTextViewTests.m */ = {isa = PBXFileReference; lastKnownFileType = sourcecode.c.objc; path = UBKAccessibilityTextViewTests.m; sourceTree = "<group>"; };
		A5355767236F6975009B4577 /* UBKAccessibilityImageViewTests.m */ = {isa = PBXFileReference; lastKnownFileType = sourcecode.c.objc; path = UBKAccessibilityImageViewTests.m; sourceTree = "<group>"; };
		A5355769236F6980009B4577 /* UBKAccessibilitySwitchTests.m */ = {isa = PBXFileReference; lastKnownFileType = sourcecode.c.objc; path = UBKAccessibilitySwitchTests.m; sourceTree = "<group>"; };
		A535576B236F698B009B4577 /* UBKAccessibilitySliderTests.m */ = {isa = PBXFileReference; lastKnownFileType = sourcecode.c.objc; path = UBKAccessibilitySliderTests.m; sourceTree = "<group>"; };
		A54BF4972252D75D00DB8B90 /* Icon Template.png */ = {isa = PBXFileReference; lastKnownFileType = image.png; path = "Icon Template.png"; sourceTree = "<group>"; };
		A558496222434E9700D2CE2C /* ImagesViewController.h */ = {isa = PBXFileReference; lastKnownFileType = sourcecode.c.h; path = ImagesViewController.h; sourceTree = "<group>"; };
		A558496322434E9700D2CE2C /* ImagesViewController.m */ = {isa = PBXFileReference; lastKnownFileType = sourcecode.c.objc; path = ImagesViewController.m; sourceTree = "<group>"; };
		A558496522434EA300D2CE2C /* LabelsViewController.h */ = {isa = PBXFileReference; lastKnownFileType = sourcecode.c.h; path = LabelsViewController.h; sourceTree = "<group>"; };
		A558496622434EA300D2CE2C /* LabelsViewController.m */ = {isa = PBXFileReference; lastKnownFileType = sourcecode.c.objc; path = LabelsViewController.m; sourceTree = "<group>"; };
		A558496822434EAB00D2CE2C /* SlidersViewController.h */ = {isa = PBXFileReference; lastKnownFileType = sourcecode.c.h; path = SlidersViewController.h; sourceTree = "<group>"; };
		A558496922434EAB00D2CE2C /* SlidersViewController.m */ = {isa = PBXFileReference; lastKnownFileType = sourcecode.c.objc; path = SlidersViewController.m; sourceTree = "<group>"; };
		A558496B22434EB400D2CE2C /* SwitchesViewController.h */ = {isa = PBXFileReference; lastKnownFileType = sourcecode.c.h; path = SwitchesViewController.h; sourceTree = "<group>"; };
		A558496C22434EB400D2CE2C /* SwitchesViewController.m */ = {isa = PBXFileReference; lastKnownFileType = sourcecode.c.objc; path = SwitchesViewController.m; sourceTree = "<group>"; };
		A558497122434EFC00D2CE2C /* TextfieldsViewController.h */ = {isa = PBXFileReference; lastKnownFileType = sourcecode.c.h; path = TextfieldsViewController.h; sourceTree = "<group>"; };
		A558497222434EFC00D2CE2C /* TextfieldsViewController.m */ = {isa = PBXFileReference; lastKnownFileType = sourcecode.c.objc; path = TextfieldsViewController.m; sourceTree = "<group>"; };
		A558497522434F4900D2CE2C /* DemoViewController.h */ = {isa = PBXFileReference; lastKnownFileType = sourcecode.c.h; path = DemoViewController.h; sourceTree = "<group>"; };
		A558497622434F4900D2CE2C /* DemoViewController.m */ = {isa = PBXFileReference; lastKnownFileType = sourcecode.c.objc; path = DemoViewController.m; sourceTree = "<group>"; };
		A558497D2243542800D2CE2C /* ButtonsTableViewController.h */ = {isa = PBXFileReference; lastKnownFileType = sourcecode.c.h; path = ButtonsTableViewController.h; sourceTree = "<group>"; };
		A558497E2243542800D2CE2C /* ButtonsTableViewController.m */ = {isa = PBXFileReference; lastKnownFileType = sourcecode.c.objc; path = ButtonsTableViewController.m; sourceTree = "<group>"; };
		A594A44C2248EFF000114B36 /* DemoDetailViewController.h */ = {isa = PBXFileReference; lastKnownFileType = sourcecode.c.h; path = DemoDetailViewController.h; sourceTree = "<group>"; };
		A594A44D2248EFF000114B36 /* DemoDetailViewController.m */ = {isa = PBXFileReference; lastKnownFileType = sourcecode.c.objc; path = DemoDetailViewController.m; sourceTree = "<group>"; };
		A5C7F3C823A9B1C400888E98 /* UBKConfig.xcconfig */ = {isa = PBXFileReference; lastKnownFileType = text.xcconfig; path = UBKConfig.xcconfig; sourceTree = "<group>"; };
		A5C7F44323AC2C6D00888E98 /* README.md */ = {isa = PBXFileReference; lastKnownFileType = net.daringfireball.markdown; name = README.md; path = ../README.md; sourceTree = "<group>"; };
		CA311D6FA6F5AE520EE0E14B /* Pods-UBKAccessibilityTests.release.xcconfig */ = {isa = PBXFileReference; includeInIndex = 1; lastKnownFileType = text.xcconfig; name = "Pods-UBKAccessibilityTests.release.xcconfig"; path = "Target Support Files/Pods-UBKAccessibilityTests/Pods-UBKAccessibilityTests.release.xcconfig"; sourceTree = "<group>"; };
		CBA569A6451E2AB64030B51F /* Pods-UBKAccessibility.release.xcconfig */ = {isa = PBXFileReference; includeInIndex = 1; lastKnownFileType = text.xcconfig; name = "Pods-UBKAccessibility.release.xcconfig"; path = "Target Support Files/Pods-UBKAccessibility/Pods-UBKAccessibility.release.xcconfig"; sourceTree = "<group>"; };
		F9C80A3A50092EABA268C589 /* Pods-UBKAccessibilityTests.debug.xcconfig */ = {isa = PBXFileReference; includeInIndex = 1; lastKnownFileType = text.xcconfig; name = "Pods-UBKAccessibilityTests.debug.xcconfig"; path = "Target Support Files/Pods-UBKAccessibilityTests/Pods-UBKAccessibilityTests.debug.xcconfig"; sourceTree = "<group>"; };
/* End PBXFileReference section */

/* Begin PBXFrameworksBuildPhase section */
		542374EC21AF64DF00959D24 /* Frameworks */ = {
			isa = PBXFrameworksBuildPhase;
			buildActionMask = 2147483647;
			files = (
				357A2CA4743FDE0A48A42F01 /* Pods_UBKAccessibility.framework in Frameworks */,
			);
			runOnlyForDeploymentPostprocessing = 0;
		};
		A514AEA52224797200593757 /* Frameworks */ = {
			isa = PBXFrameworksBuildPhase;
			buildActionMask = 2147483647;
			files = (
				D6F2EFEAAB5EF0C7BA3C6AB0 /* Pods_UBKAccessibilityTests.framework in Frameworks */,
			);
			runOnlyForDeploymentPostprocessing = 0;
		};
/* End PBXFrameworksBuildPhase section */

/* Begin PBXGroup section */
		135C3B55401530BA8E4C2BCC /* Frameworks */ = {
			isa = PBXGroup;
			children = (
				9A6E4D5D23E09F4100894CE3 /* UBKAccessibilityKit.framework */,
				9A6E4D5A23E09EDE00894CE3 /* UBKAccessibilityKit.framework */,
				7DE575D3BEAAD5112C6AED2E /* Pods_UBKAccessibility.framework */,
				4C61F6A357E6253536278F1A /* Pods_UBKAccessibilityTests.framework */,
			);
			name = Frameworks;
			sourceTree = "<group>";
		};
		3101B8D129BEC7BB8F301275 /* Pods */ = {
			isa = PBXGroup;
			children = (
				A0B16A7A3FB6CB009F84EE77 /* Pods-UBKAccessibility.debug.xcconfig */,
				CBA569A6451E2AB64030B51F /* Pods-UBKAccessibility.release.xcconfig */,
				F9C80A3A50092EABA268C589 /* Pods-UBKAccessibilityTests.debug.xcconfig */,
				CA311D6FA6F5AE520EE0E14B /* Pods-UBKAccessibilityTests.release.xcconfig */,
			);
			path = Pods;
			sourceTree = "<group>";
		};
		542374E621AF64DF00959D24 = {
			isa = PBXGroup;
			children = (
				A5C7F44323AC2C6D00888E98 /* README.md */,
				542374F121AF64DF00959D24 /* UBKAccessibility */,
				A514AEA92224797200593757 /* UBKAccessibilityTests */,
				A5C7F3CC23A9B28700888E98 /* Configuration */,
				542374F021AF64DF00959D24 /* Products */,
				3101B8D129BEC7BB8F301275 /* Pods */,
				135C3B55401530BA8E4C2BCC /* Frameworks */,
			);
			sourceTree = "<group>";
		};
		542374F021AF64DF00959D24 /* Products */ = {
			isa = PBXGroup;
			children = (
				542374EF21AF64DF00959D24 /* UBKAccessibility.app */,
				A514AEA82224797200593757 /* UBKAccessibilityTests.xctest */,
			);
			name = Products;
			sourceTree = "<group>";
		};
		542374F121AF64DF00959D24 /* UBKAccessibility */ = {
			isa = PBXGroup;
			children = (
				542374F221AF64DF00959D24 /* AppDelegate.h */,
				542374F321AF64DF00959D24 /* AppDelegate.m */,
				542374FD21AF64E100959D24 /* LaunchScreen.storyboard */,
				542374F821AF64DF00959D24 /* Main.storyboard */,
				9FFB5205237121410044EFA1 /* View Controllers */,
				9FFB5206237121560044EFA1 /* Supporting Files */,
			);
			path = UBKAccessibility;
			sourceTree = "<group>";
		};
		9FFB5205237121410044EFA1 /* View Controllers */ = {
			isa = PBXGroup;
			children = (
				A558495922434E2000D2CE2C /* Buttons */,
				A558497422434F2300D2CE2C /* Demo */,
				A558495D22434E5E00D2CE2C /* Images */,
				A558495E22434E6C00D2CE2C /* Labels */,
				A558495F22434E7500D2CE2C /* Sliders */,
				A558496022434E7C00D2CE2C /* Switches */,
				A558496122434E8400D2CE2C /* Textfields */,
			);
			path = "View Controllers";
			sourceTree = "<group>";
		};
		9FFB5206237121560044EFA1 /* Supporting Files */ = {
			isa = PBXGroup;
			children = (
				542374FB21AF64E100959D24 /* Assets.xcassets */,
				A54BF4972252D75D00DB8B90 /* Icon Template.png */,
				5423750021AF64E100959D24 /* Info.plist */,
				5423750121AF64E100959D24 /* main.m */,
			);
			path = "Supporting Files";
			sourceTree = "<group>";
		};
		A514AEA92224797200593757 /* UBKAccessibilityTests */ = {
			isa = PBXGroup;
			children = (
				A514AEAC2224797200593757 /* Info.plist */,
				A535575F236F6901009B4577 /* UBKAccessibilityColourTests.m */,
				A535575D236F689D009B4577 /* UBKAccessibilityLabelTests.m */,
				A5355761236F693F009B4577 /* UBKAccessibilityButtonTests.m */,
				A5355763236F6950009B4577 /* UBKAccessibilityTextFieldTests.m */,
				A5355765236F6969009B4577 /* UBKAccessibilityTextViewTests.m */,
				A5355767236F6975009B4577 /* UBKAccessibilityImageViewTests.m */,
				A5355769236F6980009B4577 /* UBKAccessibilitySwitchTests.m */,
				A535576B236F698B009B4577 /* UBKAccessibilitySliderTests.m */,
			);
			path = UBKAccessibilityTests;
			sourceTree = "<group>";
		};
		A558495922434E2000D2CE2C /* Buttons */ = {
			isa = PBXGroup;
			children = (
				A558497D2243542800D2CE2C /* ButtonsTableViewController.h */,
				A558497E2243542800D2CE2C /* ButtonsTableViewController.m */,
			);
			path = Buttons;
			sourceTree = "<group>";
		};
		A558495D22434E5E00D2CE2C /* Images */ = {
			isa = PBXGroup;
			children = (
				A558496222434E9700D2CE2C /* ImagesViewController.h */,
				A558496322434E9700D2CE2C /* ImagesViewController.m */,
			);
			path = Images;
			sourceTree = "<group>";
		};
		A558495E22434E6C00D2CE2C /* Labels */ = {
			isa = PBXGroup;
			children = (
				A558496522434EA300D2CE2C /* LabelsViewController.h */,
				A558496622434EA300D2CE2C /* LabelsViewController.m */,
			);
			path = Labels;
			sourceTree = "<group>";
		};
		A558495F22434E7500D2CE2C /* Sliders */ = {
			isa = PBXGroup;
			children = (
				A558496822434EAB00D2CE2C /* SlidersViewController.h */,
				A558496922434EAB00D2CE2C /* SlidersViewController.m */,
			);
			path = Sliders;
			sourceTree = "<group>";
		};
		A558496022434E7C00D2CE2C /* Switches */ = {
			isa = PBXGroup;
			children = (
				A558496B22434EB400D2CE2C /* SwitchesViewController.h */,
				A558496C22434EB400D2CE2C /* SwitchesViewController.m */,
			);
			path = Switches;
			sourceTree = "<group>";
		};
		A558496122434E8400D2CE2C /* Textfields */ = {
			isa = PBXGroup;
			children = (
				A558497122434EFC00D2CE2C /* TextfieldsViewController.h */,
				A558497222434EFC00D2CE2C /* TextfieldsViewController.m */,
			);
			path = Textfields;
			sourceTree = "<group>";
		};
		A558497422434F2300D2CE2C /* Demo */ = {
			isa = PBXGroup;
			children = (
				A558497522434F4900D2CE2C /* DemoViewController.h */,
				A558497622434F4900D2CE2C /* DemoViewController.m */,
				A594A44C2248EFF000114B36 /* DemoDetailViewController.h */,
				A594A44D2248EFF000114B36 /* DemoDetailViewController.m */,
			);
			path = Demo;
			sourceTree = "<group>";
		};
		A5C7F3CC23A9B28700888E98 /* Configuration */ = {
			isa = PBXGroup;
			children = (
				A5C7F3C823A9B1C400888E98 /* UBKConfig.xcconfig */,
			);
			path = Configuration;
			sourceTree = "<group>";
		};
/* End PBXGroup section */

/* Begin PBXNativeTarget section */
		542374EE21AF64DF00959D24 /* UBKAccessibility */ = {
			isa = PBXNativeTarget;
			buildConfigurationList = 5423750521AF64E100959D24 /* Build configuration list for PBXNativeTarget "UBKAccessibility" */;
			buildPhases = (
				E85969AF73311670E704D481 /* [CP] Check Pods Manifest.lock */,
				542374EB21AF64DF00959D24 /* Sources */,
				542374EC21AF64DF00959D24 /* Frameworks */,
				542374ED21AF64DF00959D24 /* Resources */,
				9A6E4D5723E09C3F00894CE3 /* Embed Frameworks */,
				F2714748A1847949372B85FB /* [CP] Embed Pods Frameworks */,
			);
			buildRules = (
			);
			dependencies = (
			);
			name = UBKAccessibility;
			productName = UBKAccessibilityKit;
			productReference = 542374EF21AF64DF00959D24 /* UBKAccessibility.app */;
			productType = "com.apple.product-type.application";
		};
		A514AEA72224797200593757 /* UBKAccessibilityTests */ = {
			isa = PBXNativeTarget;
			buildConfigurationList = A514AEB12224797200593757 /* Build configuration list for PBXNativeTarget "UBKAccessibilityTests" */;
			buildPhases = (
				1A7F5E6E2F1A1916EED7B0CF /* [CP] Check Pods Manifest.lock */,
				A514AEA42224797200593757 /* Sources */,
				A514AEA52224797200593757 /* Frameworks */,
				A514AEA62224797200593757 /* Resources */,
			);
			buildRules = (
			);
			dependencies = (
			);
			name = UBKAccessibilityTests;
			productName = UBKAccessibilityTests;
			productReference = A514AEA82224797200593757 /* UBKAccessibilityTests.xctest */;
			productType = "com.apple.product-type.bundle.unit-test";
		};
/* End PBXNativeTarget section */

/* Begin PBXProject section */
		542374E721AF64DF00959D24 /* Project object */ = {
			isa = PBXProject;
			attributes = {
				LastUpgradeCheck = 1110;
				ORGANIZATIONNAME = UBank;
				TargetAttributes = {
					542374EE21AF64DF00959D24 = {
						CreatedOnToolsVersion = 10.1;
					};
					A514AEA72224797200593757 = {
						CreatedOnToolsVersion = 10.1;
						TestTargetID = 542374EE21AF64DF00959D24;
					};
				};
			};
			buildConfigurationList = 542374EA21AF64DF00959D24 /* Build configuration list for PBXProject "UBKAccessibility" */;
			compatibilityVersion = "Xcode 9.3";
			developmentRegion = en;
			hasScannedForEncodings = 0;
			knownRegions = (
				en,
				Base,
			);
			mainGroup = 542374E621AF64DF00959D24;
			productRefGroup = 542374F021AF64DF00959D24 /* Products */;
			projectDirPath = "";
			projectRoot = "";
			targets = (
				542374EE21AF64DF00959D24 /* UBKAccessibility */,
				A514AEA72224797200593757 /* UBKAccessibilityTests */,
			);
		};
/* End PBXProject section */

/* Begin PBXResourcesBuildPhase section */
		542374ED21AF64DF00959D24 /* Resources */ = {
			isa = PBXResourcesBuildPhase;
			buildActionMask = 2147483647;
			files = (
				542374FF21AF64E100959D24 /* LaunchScreen.storyboard in Resources */,
				542374FC21AF64E100959D24 /* Assets.xcassets in Resources */,
				A54BF4982252D75E00DB8B90 /* Icon Template.png in Resources */,
				542374FA21AF64DF00959D24 /* Main.storyboard in Resources */,
			);
			runOnlyForDeploymentPostprocessing = 0;
		};
		A514AEA62224797200593757 /* Resources */ = {
			isa = PBXResourcesBuildPhase;
			buildActionMask = 2147483647;
			files = (
			);
			runOnlyForDeploymentPostprocessing = 0;
		};
/* End PBXResourcesBuildPhase section */

/* Begin PBXShellScriptBuildPhase section */
		1A7F5E6E2F1A1916EED7B0CF /* [CP] Check Pods Manifest.lock */ = {
			isa = PBXShellScriptBuildPhase;
			buildActionMask = 2147483647;
			files = (
			);
			inputFileListPaths = (
			);
			inputPaths = (
				"${PODS_PODFILE_DIR_PATH}/Podfile.lock",
				"${PODS_ROOT}/Manifest.lock",
			);
			name = "[CP] Check Pods Manifest.lock";
			outputFileListPaths = (
			);
			outputPaths = (
				"$(DERIVED_FILE_DIR)/Pods-UBKAccessibilityTests-checkManifestLockResult.txt",
			);
			runOnlyForDeploymentPostprocessing = 0;
			shellPath = /bin/sh;
			shellScript = "diff \"${PODS_PODFILE_DIR_PATH}/Podfile.lock\" \"${PODS_ROOT}/Manifest.lock\" > /dev/null\nif [ $? != 0 ] ; then\n    # print error to STDERR\n    echo \"error: The sandbox is not in sync with the Podfile.lock. Run 'pod install' or update your CocoaPods installation.\" >&2\n    exit 1\nfi\n# This output is used by Xcode 'outputs' to avoid re-running this script phase.\necho \"SUCCESS\" > \"${SCRIPT_OUTPUT_FILE_0}\"\n";
			showEnvVarsInLog = 0;
		};
		E85969AF73311670E704D481 /* [CP] Check Pods Manifest.lock */ = {
			isa = PBXShellScriptBuildPhase;
			buildActionMask = 2147483647;
			files = (
			);
			inputFileListPaths = (
			);
			inputPaths = (
				"${PODS_PODFILE_DIR_PATH}/Podfile.lock",
				"${PODS_ROOT}/Manifest.lock",
			);
			name = "[CP] Check Pods Manifest.lock";
			outputFileListPaths = (
			);
			outputPaths = (
				"$(DERIVED_FILE_DIR)/Pods-UBKAccessibility-checkManifestLockResult.txt",
			);
			runOnlyForDeploymentPostprocessing = 0;
			shellPath = /bin/sh;
			shellScript = "diff \"${PODS_PODFILE_DIR_PATH}/Podfile.lock\" \"${PODS_ROOT}/Manifest.lock\" > /dev/null\nif [ $? != 0 ] ; then\n    # print error to STDERR\n    echo \"error: The sandbox is not in sync with the Podfile.lock. Run 'pod install' or update your CocoaPods installation.\" >&2\n    exit 1\nfi\n# This output is used by Xcode 'outputs' to avoid re-running this script phase.\necho \"SUCCESS\" > \"${SCRIPT_OUTPUT_FILE_0}\"\n";
			showEnvVarsInLog = 0;
		};
		F2714748A1847949372B85FB /* [CP] Embed Pods Frameworks */ = {
			isa = PBXShellScriptBuildPhase;
			buildActionMask = 2147483647;
			files = (
			);
			inputFileListPaths = (
				"${PODS_ROOT}/Target Support Files/Pods-UBKAccessibility/Pods-UBKAccessibility-frameworks-${CONFIGURATION}-input-files.xcfilelist",
			);
			name = "[CP] Embed Pods Frameworks";
			outputFileListPaths = (
				"${PODS_ROOT}/Target Support Files/Pods-UBKAccessibility/Pods-UBKAccessibility-frameworks-${CONFIGURATION}-output-files.xcfilelist",
			);
			runOnlyForDeploymentPostprocessing = 0;
			shellPath = /bin/sh;
			shellScript = "\"${PODS_ROOT}/Target Support Files/Pods-UBKAccessibility/Pods-UBKAccessibility-frameworks.sh\"\n";
			showEnvVarsInLog = 0;
		};
/* End PBXShellScriptBuildPhase section */

/* Begin PBXSourcesBuildPhase section */
		542374EB21AF64DF00959D24 /* Sources */ = {
			isa = PBXSourcesBuildPhase;
			buildActionMask = 2147483647;
			files = (
				A558497322434EFC00D2CE2C /* TextfieldsViewController.m in Sources */,
				A558497F2243542800D2CE2C /* ButtonsTableViewController.m in Sources */,
				A558497722434F4900D2CE2C /* DemoViewController.m in Sources */,
				5423750221AF64E100959D24 /* main.m in Sources */,
				A558496A22434EAB00D2CE2C /* SlidersViewController.m in Sources */,
				A558496422434E9700D2CE2C /* ImagesViewController.m in Sources */,
				A558496D22434EB400D2CE2C /* SwitchesViewController.m in Sources */,
				A558496722434EA300D2CE2C /* LabelsViewController.m in Sources */,
				A594A44E2248EFF000114B36 /* DemoDetailViewController.m in Sources */,
				542374F421AF64DF00959D24 /* AppDelegate.m in Sources */,
			);
			runOnlyForDeploymentPostprocessing = 0;
		};
		A514AEA42224797200593757 /* Sources */ = {
			isa = PBXSourcesBuildPhase;
			buildActionMask = 2147483647;
			files = (
				A5355760236F6901009B4577 /* UBKAccessibilityColourTests.m in Sources */,
				A535576C236F698B009B4577 /* UBKAccessibilitySliderTests.m in Sources */,
				A5355766236F6969009B4577 /* UBKAccessibilityTextViewTests.m in Sources */,
				A5355768236F6975009B4577 /* UBKAccessibilityImageViewTests.m in Sources */,
				A5355764236F6950009B4577 /* UBKAccessibilityTextFieldTests.m in Sources */,
				A5355762236F693F009B4577 /* UBKAccessibilityButtonTests.m in Sources */,
				A535575E236F689D009B4577 /* UBKAccessibilityLabelTests.m in Sources */,
				A535576A236F6980009B4577 /* UBKAccessibilitySwitchTests.m in Sources */,
			);
			runOnlyForDeploymentPostprocessing = 0;
		};
/* End PBXSourcesBuildPhase section */

/* Begin PBXVariantGroup section */
		542374F821AF64DF00959D24 /* Main.storyboard */ = {
			isa = PBXVariantGroup;
			children = (
				542374F921AF64DF00959D24 /* Base */,
			);
			name = Main.storyboard;
			sourceTree = "<group>";
		};
		542374FD21AF64E100959D24 /* LaunchScreen.storyboard */ = {
			isa = PBXVariantGroup;
			children = (
				542374FE21AF64E100959D24 /* Base */,
			);
			name = LaunchScreen.storyboard;
			sourceTree = "<group>";
		};
/* End PBXVariantGroup section */

/* Begin XCBuildConfiguration section */
		5423750321AF64E100959D24 /* Debug */ = {
			isa = XCBuildConfiguration;
			buildSettings = {
				ALWAYS_SEARCH_USER_PATHS = NO;
				CLANG_ANALYZER_NONNULL = YES;
				CLANG_ANALYZER_NUMBER_OBJECT_CONVERSION = YES_AGGRESSIVE;
				CLANG_CXX_LANGUAGE_STANDARD = "gnu++14";
				CLANG_CXX_LIBRARY = "libc++";
				CLANG_ENABLE_MODULES = YES;
				CLANG_ENABLE_OBJC_ARC = YES;
				CLANG_ENABLE_OBJC_WEAK = YES;
				CLANG_WARN_BLOCK_CAPTURE_AUTORELEASING = YES;
				CLANG_WARN_BOOL_CONVERSION = YES;
				CLANG_WARN_COMMA = YES;
				CLANG_WARN_CONSTANT_CONVERSION = YES;
				CLANG_WARN_DEPRECATED_OBJC_IMPLEMENTATIONS = YES;
				CLANG_WARN_DIRECT_OBJC_ISA_USAGE = YES_ERROR;
				CLANG_WARN_DOCUMENTATION_COMMENTS = YES;
				CLANG_WARN_EMPTY_BODY = YES;
				CLANG_WARN_ENUM_CONVERSION = YES;
				CLANG_WARN_INFINITE_RECURSION = YES;
				CLANG_WARN_INT_CONVERSION = YES;
				CLANG_WARN_NON_LITERAL_NULL_CONVERSION = YES;
				CLANG_WARN_OBJC_IMPLICIT_RETAIN_SELF = YES;
				CLANG_WARN_OBJC_LITERAL_CONVERSION = YES;
				CLANG_WARN_OBJC_ROOT_CLASS = YES_ERROR;
				CLANG_WARN_RANGE_LOOP_ANALYSIS = YES;
				CLANG_WARN_STRICT_PROTOTYPES = YES;
				CLANG_WARN_SUSPICIOUS_MOVE = YES;
				CLANG_WARN_UNGUARDED_AVAILABILITY = YES_AGGRESSIVE;
				CLANG_WARN_UNREACHABLE_CODE = YES;
				CLANG_WARN__DUPLICATE_METHOD_MATCH = YES;
				CODE_SIGN_IDENTITY = "iPhone Developer";
				COPY_PHASE_STRIP = NO;
				DEBUG_INFORMATION_FORMAT = dwarf;
				ENABLE_STRICT_OBJC_MSGSEND = YES;
				ENABLE_TESTABILITY = YES;
				GCC_C_LANGUAGE_STANDARD = gnu11;
				GCC_DYNAMIC_NO_PIC = NO;
				GCC_NO_COMMON_BLOCKS = YES;
				GCC_OPTIMIZATION_LEVEL = 0;
				GCC_PREPROCESSOR_DEFINITIONS = (
					"DEBUG=1",
					"$(inherited)",
				);
				GCC_WARN_64_TO_32_BIT_CONVERSION = YES;
				GCC_WARN_ABOUT_RETURN_TYPE = YES_ERROR;
				GCC_WARN_UNDECLARED_SELECTOR = YES;
				GCC_WARN_UNINITIALIZED_AUTOS = YES_AGGRESSIVE;
				GCC_WARN_UNUSED_FUNCTION = YES;
				GCC_WARN_UNUSED_VARIABLE = YES;
				IPHONEOS_DEPLOYMENT_TARGET = 11.0;
				MTL_ENABLE_DEBUG_INFO = INCLUDE_SOURCE;
				MTL_FAST_MATH = YES;
				ONLY_ACTIVE_ARCH = YES;
				SDKROOT = iphoneos;
			};
			name = Debug;
		};
		5423750421AF64E100959D24 /* Release */ = {
			isa = XCBuildConfiguration;
			buildSettings = {
				ALWAYS_SEARCH_USER_PATHS = NO;
				CLANG_ANALYZER_NONNULL = YES;
				CLANG_ANALYZER_NUMBER_OBJECT_CONVERSION = YES_AGGRESSIVE;
				CLANG_CXX_LANGUAGE_STANDARD = "gnu++14";
				CLANG_CXX_LIBRARY = "libc++";
				CLANG_ENABLE_MODULES = YES;
				CLANG_ENABLE_OBJC_ARC = YES;
				CLANG_ENABLE_OBJC_WEAK = YES;
				CLANG_WARN_BLOCK_CAPTURE_AUTORELEASING = YES;
				CLANG_WARN_BOOL_CONVERSION = YES;
				CLANG_WARN_COMMA = YES;
				CLANG_WARN_CONSTANT_CONVERSION = YES;
				CLANG_WARN_DEPRECATED_OBJC_IMPLEMENTATIONS = YES;
				CLANG_WARN_DIRECT_OBJC_ISA_USAGE = YES_ERROR;
				CLANG_WARN_DOCUMENTATION_COMMENTS = YES;
				CLANG_WARN_EMPTY_BODY = YES;
				CLANG_WARN_ENUM_CONVERSION = YES;
				CLANG_WARN_INFINITE_RECURSION = YES;
				CLANG_WARN_INT_CONVERSION = YES;
				CLANG_WARN_NON_LITERAL_NULL_CONVERSION = YES;
				CLANG_WARN_OBJC_IMPLICIT_RETAIN_SELF = YES;
				CLANG_WARN_OBJC_LITERAL_CONVERSION = YES;
				CLANG_WARN_OBJC_ROOT_CLASS = YES_ERROR;
				CLANG_WARN_RANGE_LOOP_ANALYSIS = YES;
				CLANG_WARN_STRICT_PROTOTYPES = YES;
				CLANG_WARN_SUSPICIOUS_MOVE = YES;
				CLANG_WARN_UNGUARDED_AVAILABILITY = YES_AGGRESSIVE;
				CLANG_WARN_UNREACHABLE_CODE = YES;
				CLANG_WARN__DUPLICATE_METHOD_MATCH = YES;
				CODE_SIGN_IDENTITY = "iPhone Developer";
				COPY_PHASE_STRIP = NO;
				DEBUG_INFORMATION_FORMAT = "dwarf-with-dsym";
				ENABLE_NS_ASSERTIONS = NO;
				ENABLE_STRICT_OBJC_MSGSEND = YES;
				GCC_C_LANGUAGE_STANDARD = gnu11;
				GCC_NO_COMMON_BLOCKS = YES;
				GCC_WARN_64_TO_32_BIT_CONVERSION = YES;
				GCC_WARN_ABOUT_RETURN_TYPE = YES_ERROR;
				GCC_WARN_UNDECLARED_SELECTOR = YES;
				GCC_WARN_UNINITIALIZED_AUTOS = YES_AGGRESSIVE;
				GCC_WARN_UNUSED_FUNCTION = YES;
				GCC_WARN_UNUSED_VARIABLE = YES;
				IPHONEOS_DEPLOYMENT_TARGET = 11.0;
				MTL_ENABLE_DEBUG_INFO = NO;
				MTL_FAST_MATH = YES;
				SDKROOT = iphoneos;
				VALIDATE_PRODUCT = YES;
			};
			name = Release;
		};
		5423750621AF64E100959D24 /* Debug */ = {
			isa = XCBuildConfiguration;
			baseConfigurationReference = A0B16A7A3FB6CB009F84EE77 /* Pods-UBKAccessibility.debug.xcconfig */;
			buildSettings = {
				ASSETCATALOG_COMPILER_APPICON_NAME = AppIcon;
				CODE_SIGN_STYLE = Automatic;
				DEVELOPMENT_TEAM = V4N7C69CJ2;
				INFOPLIST_FILE = "$(SRCROOT)/UBKAccessibility/Supporting Files/Info.plist";
				IPHONEOS_DEPLOYMENT_TARGET = 11.0;
				LD_RUNPATH_SEARCH_PATHS = (
					"$(inherited)",
					"@executable_path/Frameworks",
				);
				PRODUCT_BUNDLE_IDENTIFIER = "au.com.ubank.opensource.${PRODUCT_NAME}${SAMPLE_CODE_DISAMBIGUATOR}";
				PRODUCT_NAME = "$(TARGET_NAME)";
				TARGETED_DEVICE_FAMILY = "1,2";
			};
			name = Debug;
		};
		5423750721AF64E100959D24 /* Release */ = {
			isa = XCBuildConfiguration;
			baseConfigurationReference = CBA569A6451E2AB64030B51F /* Pods-UBKAccessibility.release.xcconfig */;
			buildSettings = {
				ASSETCATALOG_COMPILER_APPICON_NAME = AppIcon;
				CODE_SIGN_STYLE = Automatic;
				DEVELOPMENT_TEAM = V4N7C69CJ2;
				INFOPLIST_FILE = "$(SRCROOT)/UBKAccessibility/Supporting Files/Info.plist";
				IPHONEOS_DEPLOYMENT_TARGET = 11.0;
				LD_RUNPATH_SEARCH_PATHS = (
					"$(inherited)",
					"@executable_path/Frameworks",
				);
				PRODUCT_BUNDLE_IDENTIFIER = "au.com.ubank.opensource.${PRODUCT_NAME}${SAMPLE_CODE_DISAMBIGUATOR}";
				PRODUCT_NAME = "$(TARGET_NAME)";
				TARGETED_DEVICE_FAMILY = "1,2";
			};
			name = Release;
		};
		A514AEAF2224797200593757 /* Debug */ = {
			isa = XCBuildConfiguration;
			baseConfigurationReference = F9C80A3A50092EABA268C589 /* Pods-UBKAccessibilityTests.debug.xcconfig */;
			buildSettings = {
				BUNDLE_LOADER = "$(TEST_HOST)";
				CODE_SIGN_STYLE = Automatic;
				DEVELOPMENT_TEAM = "";
				INFOPLIST_FILE = UBKAccessibilityTests/Info.plist;
				IPHONEOS_DEPLOYMENT_TARGET = 12.1;
				LD_RUNPATH_SEARCH_PATHS = (
					"$(inherited)",
					"@executable_path/Frameworks",
					"@loader_path/Frameworks",
				);
				PRODUCT_BUNDLE_IDENTIFIER = "au.com.ubank.opensource.UBKAccessibilityTests.${PRODUCT_NAME}${SAMPLE_CODE_DISAMBIGUATOR}";
				PRODUCT_NAME = "$(TARGET_NAME)";
				TARGETED_DEVICE_FAMILY = "1,2";
				TEST_HOST = "$(BUILT_PRODUCTS_DIR)/UBKAccessibility.app/UBKAccessibility";
			};
			name = Debug;
		};
		A514AEB02224797200593757 /* Release */ = {
			isa = XCBuildConfiguration;
			baseConfigurationReference = CA311D6FA6F5AE520EE0E14B /* Pods-UBKAccessibilityTests.release.xcconfig */;
			buildSettings = {
				BUNDLE_LOADER = "$(TEST_HOST)";
				CODE_SIGN_STYLE = Automatic;
				DEVELOPMENT_TEAM = "";
				INFOPLIST_FILE = UBKAccessibilityTests/Info.plist;
				IPHONEOS_DEPLOYMENT_TARGET = 12.1;
				LD_RUNPATH_SEARCH_PATHS = (
					"$(inherited)",
					"@executable_path/Frameworks",
					"@loader_path/Frameworks",
				);
				PRODUCT_BUNDLE_IDENTIFIER = "au.com.ubank.opensource.UBKAccessibilityTests.${PRODUCT_NAME}${SAMPLE_CODE_DISAMBIGUATOR}";
				PRODUCT_NAME = "$(TARGET_NAME)";
				TARGETED_DEVICE_FAMILY = "1,2";
				TEST_HOST = "$(BUILT_PRODUCTS_DIR)/UBKAccessibility.app/UBKAccessibility";
			};
			name = Release;
		};
/* End XCBuildConfiguration section */

/* Begin XCConfigurationList section */
		542374EA21AF64DF00959D24 /* Build configuration list for PBXProject "UBKAccessibility" */ = {
			isa = XCConfigurationList;
			buildConfigurations = (
				5423750321AF64E100959D24 /* Debug */,
				5423750421AF64E100959D24 /* Release */,
			);
			defaultConfigurationIsVisible = 0;
			defaultConfigurationName = Release;
		};
		5423750521AF64E100959D24 /* Build configuration list for PBXNativeTarget "UBKAccessibility" */ = {
			isa = XCConfigurationList;
			buildConfigurations = (
				5423750621AF64E100959D24 /* Debug */,
				5423750721AF64E100959D24 /* Release */,
			);
			defaultConfigurationIsVisible = 0;
			defaultConfigurationName = Release;
		};
		A514AEB12224797200593757 /* Build configuration list for PBXNativeTarget "UBKAccessibilityTests" */ = {
			isa = XCConfigurationList;
			buildConfigurations = (
				A514AEAF2224797200593757 /* Debug */,
				A514AEB02224797200593757 /* Release */,
			);
			defaultConfigurationIsVisible = 0;
			defaultConfigurationName = Release;
		};
/* End XCConfigurationList section */
	};
	rootObject = 542374E721AF64DF00959D24 /* Project object */;
}
